
Microsoft Visual Studio Solution File, Format Version 12.00
# Visual Studio Version 17
VisualStudioVersion = 17.0.32014.148
MinimumVisualStudioVersion = 10.0.40219.1
Project("{FAE04EC0-301F-11D3-BF4B-00C04F79EFBC}") = "lab8_visual", "lab8_visual\lab8_visual.csproj", "{C67B6D82-AB9D-4273-9563-50BA4D9E216E}"
EndProject
Global
	GlobalSection(SolutionConfigurationPlatforms) = preSolution
		Debug|Any CPU = Debug|Any CPU
		Release|Any CPU = Release|Any CPU
	EndGlobalSection
	GlobalSection(ProjectConfigurationPlatforms) = postSolution
		{C67B6D82-AB9D-4273-9563-50BA4D9E216E}.Debug|Any CPU.ActiveCfg = Debug|Any CPU
		{C67B6D82-AB9D-4273-9563-50BA4D9E216E}.Debug|Any CPU.Build.0 = Debug|Any CPU
		{C67B6D82-AB9D-4273-9563-50BA4D9E216E}.Release|Any CPU.ActiveCfg = Release|Any CPU
		{C67B6D82-AB9D-4273-9563-50BA4D9E216E}.Release|Any CPU.Build.0 = Release|Any CPU
	EndGlobalSection
	GlobalSection(SolutionProperties) = preSolution
		HideSolutionNode = FALSE
	EndGlobalSection
	GlobalSection(ExtensibilityGlobals) = postSolution
		SolutionGuid = {86C1BF16-C106-463A-8BA2-EDA8B5D0D3A4}
	EndGlobalSection
EndGlobal
